
Microsoft Visual Studio Solution File, Format Version 12.00
# Visual Studio 15
VisualStudioVersion = 15.0.26730.3
MinimumVisualStudioVersion = 10.0.40219.1
Project("{FAE04EC0-301F-11D3-BF4B-00C04F79EFBC}") = "SimpleMVCApplication", "SimpleMVCApplication\SimpleMVCApplication.csproj", "{5F9EB534-E2B5-49D3-A703-E8599A7C1D2A}"
EndProject
Global
	GlobalSection(SolutionConfigurationPlatforms) = preSolution
		Debug|Any CPU = Debug|Any CPU
		Release|Any CPU = Release|Any CPU
	EndGlobalSection
	GlobalSection(ProjectConfigurationPlatforms) = postSolution
		{5F9EB534-E2B5-49D3-A703-E8599A7C1D2A}.Debug|Any CPU.ActiveCfg = Debug|Any CPU
		{5F9EB534-E2B5-49D3-A703-E8599A7C1D2A}.Debug|Any CPU.Build.0 = Debug|Any CPU
		{5F9EB534-E2B5-49D3-A703-E8599A7C1D2A}.Release|Any CPU.ActiveCfg = Release|Any CPU
		{5F9EB534-E2B5-49D3-A703-E8599A7C1D2A}.Release|Any CPU.Build.0 = Release|Any CPU
	EndGlobalSection
	GlobalSection(SolutionProperties) = preSolution
		HideSolutionNode = FALSE
	EndGlobalSection
	GlobalSection(ExtensibilityGlobals) = postSolution
		SolutionGuid = {7D197801-86F8-4FA3-86C0-1773D3F27090}
	EndGlobalSection
EndGlobal
