
Microsoft Visual Studio Solution File, Format Version 12.00
# Visual Studio 15
VisualStudioVersion = 15.0.26730.12
MinimumVisualStudioVersion = 10.0.40219.1
Project("{FAE04EC0-301F-11D3-BF4B-00C04F79EFBC}") = "CrossSiteScripting", "CrossSiteScripting\CrossSiteScripting.csproj", "{F57EA9D0-505C-4AEC-BA95-F100B4554A76}"
EndProject
Global
	GlobalSection(SolutionConfigurationPlatforms) = preSolution
		Debug|Any CPU = Debug|Any CPU
		Release|Any CPU = Release|Any CPU
	EndGlobalSection
	GlobalSection(ProjectConfigurationPlatforms) = postSolution
		{F57EA9D0-505C-4AEC-BA95-F100B4554A76}.Debug|Any CPU.ActiveCfg = Debug|Any CPU
		{F57EA9D0-505C-4AEC-BA95-F100B4554A76}.Debug|Any CPU.Build.0 = Debug|Any CPU
		{F57EA9D0-505C-4AEC-BA95-F100B4554A76}.Release|Any CPU.ActiveCfg = Release|Any CPU
		{F57EA9D0-505C-4AEC-BA95-F100B4554A76}.Release|Any CPU.Build.0 = Release|Any CPU
	EndGlobalSection
	GlobalSection(SolutionProperties) = preSolution
		HideSolutionNode = FALSE
	EndGlobalSection
	GlobalSection(ExtensibilityGlobals) = postSolution
		SolutionGuid = {D571E740-0581-49B0-B9AD-50EDA7CF116C}
	EndGlobalSection
EndGlobal
