
Microsoft Visual Studio Solution File, Format Version 12.00
# Visual Studio 15
VisualStudioVersion = 15.0.26730.12
MinimumVisualStudioVersion = 10.0.40219.1
Project("{FAE04EC0-301F-11D3-BF4B-00C04F79EFBC}") = "LogFiltering", "LogFiltering\LogFiltering.csproj", "{A552483E-0605-4C85-86FE-E70F54F12057}"
EndProject
Global
	GlobalSection(SolutionConfigurationPlatforms) = preSolution
		Debug|Any CPU = Debug|Any CPU
		Release|Any CPU = Release|Any CPU
	EndGlobalSection
	GlobalSection(ProjectConfigurationPlatforms) = postSolution
		{A552483E-0605-4C85-86FE-E70F54F12057}.Debug|Any CPU.ActiveCfg = Debug|Any CPU
		{A552483E-0605-4C85-86FE-E70F54F12057}.Debug|Any CPU.Build.0 = Debug|Any CPU
		{A552483E-0605-4C85-86FE-E70F54F12057}.Release|Any CPU.ActiveCfg = Release|Any CPU
		{A552483E-0605-4C85-86FE-E70F54F12057}.Release|Any CPU.Build.0 = Release|Any CPU
	EndGlobalSection
	GlobalSection(SolutionProperties) = preSolution
		HideSolutionNode = FALSE
	EndGlobalSection
	GlobalSection(ExtensibilityGlobals) = postSolution
		SolutionGuid = {53B92077-D8CB-4AA7-9BC8-8D9601AAE753}
	EndGlobalSection
EndGlobal
