
Microsoft Visual Studio Solution File, Format Version 12.00
# Visual Studio 15
VisualStudioVersion = 15.0.26730.16
MinimumVisualStudioVersion = 10.0.40219.1
Project("{FAE04EC0-301F-11D3-BF4B-00C04F79EFBC}") = "CustomTagHelpers", "CustomTagHelpers\CustomTagHelpers.csproj", "{3210CC7C-8C27-4CFB-9848-F4C4FFF878E7}"
EndProject
Global
	GlobalSection(SolutionConfigurationPlatforms) = preSolution
		Debug|Any CPU = Debug|Any CPU
		Release|Any CPU = Release|Any CPU
	EndGlobalSection
	GlobalSection(ProjectConfigurationPlatforms) = postSolution
		{3210CC7C-8C27-4CFB-9848-F4C4FFF878E7}.Debug|Any CPU.ActiveCfg = Debug|Any CPU
		{3210CC7C-8C27-4CFB-9848-F4C4FFF878E7}.Debug|Any CPU.Build.0 = Debug|Any CPU
		{3210CC7C-8C27-4CFB-9848-F4C4FFF878E7}.Release|Any CPU.ActiveCfg = Release|Any CPU
		{3210CC7C-8C27-4CFB-9848-F4C4FFF878E7}.Release|Any CPU.Build.0 = Release|Any CPU
	EndGlobalSection
	GlobalSection(SolutionProperties) = preSolution
		HideSolutionNode = FALSE
	EndGlobalSection
	GlobalSection(ExtensibilityGlobals) = postSolution
		SolutionGuid = {D671D78D-E253-433C-A060-B4E582E263C5}
	EndGlobalSection
EndGlobal
