
Microsoft Visual Studio Solution File, Format Version 12.00
# Visual Studio 15
VisualStudioVersion = 15.0.26730.3
MinimumVisualStudioVersion = 10.0.40219.1
Project("{FAE04EC0-301F-11D3-BF4B-00C04F79EFBC}") = "TagHelpers", "TagHelpers\TagHelpers.csproj", "{E032F067-BD1B-4D8E-9008-895AD391E777}"
EndProject
Global
	GlobalSection(SolutionConfigurationPlatforms) = preSolution
		Debug|Any CPU = Debug|Any CPU
		Release|Any CPU = Release|Any CPU
	EndGlobalSection
	GlobalSection(ProjectConfigurationPlatforms) = postSolution
		{E032F067-BD1B-4D8E-9008-895AD391E777}.Debug|Any CPU.ActiveCfg = Debug|Any CPU
		{E032F067-BD1B-4D8E-9008-895AD391E777}.Debug|Any CPU.Build.0 = Debug|Any CPU
		{E032F067-BD1B-4D8E-9008-895AD391E777}.Release|Any CPU.ActiveCfg = Release|Any CPU
		{E032F067-BD1B-4D8E-9008-895AD391E777}.Release|Any CPU.Build.0 = Release|Any CPU
	EndGlobalSection
	GlobalSection(SolutionProperties) = preSolution
		HideSolutionNode = FALSE
	EndGlobalSection
	GlobalSection(ExtensibilityGlobals) = postSolution
		SolutionGuid = {328D9AD3-925F-4EEA-853F-DAA731CC421A}
	EndGlobalSection
EndGlobal
