
Microsoft Visual Studio Solution File, Format Version 12.00
# Visual Studio 15
VisualStudioVersion = 15.0.26730.10
MinimumVisualStudioVersion = 10.0.40219.1
Project("{9A19103F-16F7-4668-BE54-9A1E7A4F7556}") = "Airport", "Airport\Airport.csproj", "{D6B4483F-379A-4151-A4D5-F4CF0255FC74}"
EndProject
Global
	GlobalSection(SolutionConfigurationPlatforms) = preSolution
		Debug|Any CPU = Debug|Any CPU
		Release|Any CPU = Release|Any CPU
	EndGlobalSection
	GlobalSection(ProjectConfigurationPlatforms) = postSolution
		{D6B4483F-379A-4151-A4D5-F4CF0255FC74}.Debug|Any CPU.ActiveCfg = Debug|Any CPU
		{D6B4483F-379A-4151-A4D5-F4CF0255FC74}.Debug|Any CPU.Build.0 = Debug|Any CPU
		{D6B4483F-379A-4151-A4D5-F4CF0255FC74}.Release|Any CPU.ActiveCfg = Release|Any CPU
		{D6B4483F-379A-4151-A4D5-F4CF0255FC74}.Release|Any CPU.Build.0 = Release|Any CPU
	EndGlobalSection
	GlobalSection(SolutionProperties) = preSolution
		HideSolutionNode = FALSE
	EndGlobalSection
	GlobalSection(ExtensibilityGlobals) = postSolution
		SolutionGuid = {BF1AEE22-8E46-48B6-B769-F8EFCCF6BCC7}
	EndGlobalSection
EndGlobal
