
Microsoft Visual Studio Solution File, Format Version 12.00
# Visual Studio 15
VisualStudioVersion = 15.0.26730.3
MinimumVisualStudioVersion = 10.0.40219.1
Project("{FAE04EC0-301F-11D3-BF4B-00C04F79EFBC}") = "ExampleBinding", "ExampleBinding\ExampleBinding.csproj", "{B66E1ED0-69A6-4186-9BC4-E21E005CA138}"
EndProject
Global
	GlobalSection(SolutionConfigurationPlatforms) = preSolution
		Debug|Any CPU = Debug|Any CPU
		Release|Any CPU = Release|Any CPU
	EndGlobalSection
	GlobalSection(ProjectConfigurationPlatforms) = postSolution
		{B66E1ED0-69A6-4186-9BC4-E21E005CA138}.Debug|Any CPU.ActiveCfg = Debug|Any CPU
		{B66E1ED0-69A6-4186-9BC4-E21E005CA138}.Debug|Any CPU.Build.0 = Debug|Any CPU
		{B66E1ED0-69A6-4186-9BC4-E21E005CA138}.Release|Any CPU.ActiveCfg = Release|Any CPU
		{B66E1ED0-69A6-4186-9BC4-E21E005CA138}.Release|Any CPU.Build.0 = Release|Any CPU
	EndGlobalSection
	GlobalSection(SolutionProperties) = preSolution
		HideSolutionNode = FALSE
	EndGlobalSection
	GlobalSection(ExtensibilityGlobals) = postSolution
		SolutionGuid = {07946796-229E-41E3-8027-B2DAFCAD873E}
	EndGlobalSection
EndGlobal
