
Microsoft Visual Studio Solution File, Format Version 12.00
# Visual Studio 15
VisualStudioVersion = 15.0.26730.3
MinimumVisualStudioVersion = 10.0.40219.1
Project("{FAE04EC0-301F-11D3-BF4B-00C04F79EFBC}") = "StatusCodePages", "StatusCodePages\StatusCodePages.csproj", "{F2D4E7AB-2AB4-48B6-96F4-0006211C02DF}"
EndProject
Global
	GlobalSection(SolutionConfigurationPlatforms) = preSolution
		Debug|Any CPU = Debug|Any CPU
		Release|Any CPU = Release|Any CPU
	EndGlobalSection
	GlobalSection(ProjectConfigurationPlatforms) = postSolution
		{F2D4E7AB-2AB4-48B6-96F4-0006211C02DF}.Debug|Any CPU.ActiveCfg = Debug|Any CPU
		{F2D4E7AB-2AB4-48B6-96F4-0006211C02DF}.Debug|Any CPU.Build.0 = Debug|Any CPU
		{F2D4E7AB-2AB4-48B6-96F4-0006211C02DF}.Release|Any CPU.ActiveCfg = Release|Any CPU
		{F2D4E7AB-2AB4-48B6-96F4-0006211C02DF}.Release|Any CPU.Build.0 = Release|Any CPU
	EndGlobalSection
	GlobalSection(SolutionProperties) = preSolution
		HideSolutionNode = FALSE
	EndGlobalSection
	GlobalSection(ExtensibilityGlobals) = postSolution
		SolutionGuid = {E30F79B1-5508-48F8-9D06-80A20DAD5B31}
	EndGlobalSection
EndGlobal
