
Microsoft Visual Studio Solution File, Format Version 12.00
# Visual Studio 15
VisualStudioVersion = 15.0.26730.3
MinimumVisualStudioVersion = 10.0.40219.1
Project("{FAE04EC0-301F-11D3-BF4B-00C04F79EFBC}") = "ValidatingWithDataAnnotations", "ValidatingWithDataAnnotations\ValidatingWithDataAnnotations.csproj", "{FB47B6B9-0D9B-478C-B776-7C66A241B363}"
EndProject
Global
	GlobalSection(SolutionConfigurationPlatforms) = preSolution
		Debug|Any CPU = Debug|Any CPU
		Release|Any CPU = Release|Any CPU
	EndGlobalSection
	GlobalSection(ProjectConfigurationPlatforms) = postSolution
		{FB47B6B9-0D9B-478C-B776-7C66A241B363}.Debug|Any CPU.ActiveCfg = Debug|Any CPU
		{FB47B6B9-0D9B-478C-B776-7C66A241B363}.Debug|Any CPU.Build.0 = Debug|Any CPU
		{FB47B6B9-0D9B-478C-B776-7C66A241B363}.Release|Any CPU.ActiveCfg = Release|Any CPU
		{FB47B6B9-0D9B-478C-B776-7C66A241B363}.Release|Any CPU.Build.0 = Release|Any CPU
	EndGlobalSection
	GlobalSection(SolutionProperties) = preSolution
		HideSolutionNode = FALSE
	EndGlobalSection
	GlobalSection(ExtensibilityGlobals) = postSolution
		SolutionGuid = {90068C77-4856-45B2-874C-0F712C91A797}
	EndGlobalSection
EndGlobal
