
Microsoft Visual Studio Solution File, Format Version 12.00
# Visual Studio 15
VisualStudioVersion = 15.0.26730.3
MinimumVisualStudioVersion = 10.0.40219.1
Project("{FAE04EC0-301F-11D3-BF4B-00C04F79EFBC}") = "CurrencyConverter", "CurrencyConverter\CurrencyConverter.csproj", "{42A50B1F-F468-44B7-9BC6-AD9128C1E18D}"
EndProject
Global
	GlobalSection(SolutionConfigurationPlatforms) = preSolution
		Debug|Any CPU = Debug|Any CPU
		Release|Any CPU = Release|Any CPU
	EndGlobalSection
	GlobalSection(ProjectConfigurationPlatforms) = postSolution
		{42A50B1F-F468-44B7-9BC6-AD9128C1E18D}.Debug|Any CPU.ActiveCfg = Debug|Any CPU
		{42A50B1F-F468-44B7-9BC6-AD9128C1E18D}.Debug|Any CPU.Build.0 = Debug|Any CPU
		{42A50B1F-F468-44B7-9BC6-AD9128C1E18D}.Release|Any CPU.ActiveCfg = Release|Any CPU
		{42A50B1F-F468-44B7-9BC6-AD9128C1E18D}.Release|Any CPU.Build.0 = Release|Any CPU
	EndGlobalSection
	GlobalSection(SolutionProperties) = preSolution
		HideSolutionNode = FALSE
	EndGlobalSection
	GlobalSection(ExtensibilityGlobals) = postSolution
		SolutionGuid = {08C11F61-FD5A-40F0-8101-CB1B8A693BD0}
	EndGlobalSection
EndGlobal
