
Microsoft Visual Studio Solution File, Format Version 12.00
# Visual Studio 15
VisualStudioVersion = 15.0.26730.12
MinimumVisualStudioVersion = 10.0.40219.1
Project("{FAE04EC0-301F-11D3-BF4B-00C04F79EFBC}") = "SerilogLogger", "SerilogLogger\SerilogLogger.csproj", "{FCD5C304-3D15-44A8-963D-58D7B43E075C}"
EndProject
Global
	GlobalSection(SolutionConfigurationPlatforms) = preSolution
		Debug|Any CPU = Debug|Any CPU
		Release|Any CPU = Release|Any CPU
	EndGlobalSection
	GlobalSection(ProjectConfigurationPlatforms) = postSolution
		{FCD5C304-3D15-44A8-963D-58D7B43E075C}.Debug|Any CPU.ActiveCfg = Debug|Any CPU
		{FCD5C304-3D15-44A8-963D-58D7B43E075C}.Debug|Any CPU.Build.0 = Debug|Any CPU
		{FCD5C304-3D15-44A8-963D-58D7B43E075C}.Release|Any CPU.ActiveCfg = Release|Any CPU
		{FCD5C304-3D15-44A8-963D-58D7B43E075C}.Release|Any CPU.Build.0 = Release|Any CPU
	EndGlobalSection
	GlobalSection(SolutionProperties) = preSolution
		HideSolutionNode = FALSE
	EndGlobalSection
	GlobalSection(ExtensibilityGlobals) = postSolution
		SolutionGuid = {DA03FDCD-4A7B-4BA0-804C-B15404F23A28}
	EndGlobalSection
EndGlobal
