
Microsoft Visual Studio Solution File, Format Version 12.00
# Visual Studio 15
VisualStudioVersion = 15.0.26228.4
MinimumVisualStudioVersion = 10.0.40219.1
Project("{FAE04EC0-301F-11D3-BF4B-00C04F79EFBC}") = "DisableStatusCodePages", "DisableStatusCodePages\DisableStatusCodePages.csproj", "{1128FC55-7FE0-425C-B86B-4E8BD20E5B9A}"
EndProject
Global
	GlobalSection(SolutionConfigurationPlatforms) = preSolution
		Debug|Any CPU = Debug|Any CPU
		Release|Any CPU = Release|Any CPU
	EndGlobalSection
	GlobalSection(ProjectConfigurationPlatforms) = postSolution
		{1128FC55-7FE0-425C-B86B-4E8BD20E5B9A}.Debug|Any CPU.ActiveCfg = Debug|Any CPU
		{1128FC55-7FE0-425C-B86B-4E8BD20E5B9A}.Debug|Any CPU.Build.0 = Debug|Any CPU
		{1128FC55-7FE0-425C-B86B-4E8BD20E5B9A}.Release|Any CPU.ActiveCfg = Release|Any CPU
		{1128FC55-7FE0-425C-B86B-4E8BD20E5B9A}.Release|Any CPU.Build.0 = Release|Any CPU
	EndGlobalSection
	GlobalSection(SolutionProperties) = preSolution
		HideSolutionNode = FALSE
	EndGlobalSection
EndGlobal
