
Microsoft Visual Studio Solution File, Format Version 12.00
# Visual Studio 15
VisualStudioVersion = 15.0.26730.3
MinimumVisualStudioVersion = 10.0.40219.1
Project("{FAE04EC0-301F-11D3-BF4B-00C04F79EFBC}") = "ToDoList", "ToDoList\ToDoList.csproj", "{B7CDEF8F-7D2A-4A34-97F2-D5EC5EA63F37}"
EndProject
Global
	GlobalSection(SolutionConfigurationPlatforms) = preSolution
		Debug|Any CPU = Debug|Any CPU
		Release|Any CPU = Release|Any CPU
	EndGlobalSection
	GlobalSection(ProjectConfigurationPlatforms) = postSolution
		{B7CDEF8F-7D2A-4A34-97F2-D5EC5EA63F37}.Debug|Any CPU.ActiveCfg = Debug|Any CPU
		{B7CDEF8F-7D2A-4A34-97F2-D5EC5EA63F37}.Debug|Any CPU.Build.0 = Debug|Any CPU
		{B7CDEF8F-7D2A-4A34-97F2-D5EC5EA63F37}.Release|Any CPU.ActiveCfg = Release|Any CPU
		{B7CDEF8F-7D2A-4A34-97F2-D5EC5EA63F37}.Release|Any CPU.Build.0 = Release|Any CPU
	EndGlobalSection
	GlobalSection(SolutionProperties) = preSolution
		HideSolutionNode = FALSE
	EndGlobalSection
	GlobalSection(ExtensibilityGlobals) = postSolution
		SolutionGuid = {29B4DC05-E520-4AF1-B2D1-FF74EC957DA7}
	EndGlobalSection
EndGlobal
