
Microsoft Visual Studio Solution File, Format Version 12.00
# Visual Studio 15
VisualStudioVersion = 15.0.26730.3
MinimumVisualStudioVersion = 10.0.40219.1
Project("{FAE04EC0-301F-11D3-BF4B-00C04F79EFBC}") = "CreatingAHoldingPage", "CreatingAHoldingPage\CreatingAHoldingPage.csproj", "{3D999B2E-5D63-4D9F-8EC1-689A3BC1B1FB}"
EndProject
Global
	GlobalSection(SolutionConfigurationPlatforms) = preSolution
		Debug|Any CPU = Debug|Any CPU
		Release|Any CPU = Release|Any CPU
	EndGlobalSection
	GlobalSection(ProjectConfigurationPlatforms) = postSolution
		{3D999B2E-5D63-4D9F-8EC1-689A3BC1B1FB}.Debug|Any CPU.ActiveCfg = Debug|Any CPU
		{3D999B2E-5D63-4D9F-8EC1-689A3BC1B1FB}.Debug|Any CPU.Build.0 = Debug|Any CPU
		{3D999B2E-5D63-4D9F-8EC1-689A3BC1B1FB}.Release|Any CPU.ActiveCfg = Release|Any CPU
		{3D999B2E-5D63-4D9F-8EC1-689A3BC1B1FB}.Release|Any CPU.Build.0 = Release|Any CPU
	EndGlobalSection
	GlobalSection(SolutionProperties) = preSolution
		HideSolutionNode = FALSE
	EndGlobalSection
	GlobalSection(ExtensibilityGlobals) = postSolution
		SolutionGuid = {B00A0235-0581-4A27-BEC3-20C7AA205FF3}
	EndGlobalSection
EndGlobal
